
Microsoft Visual Studio Solution File, Format Version 12.00
# Visual Studio Version 17
VisualStudioVersion = 17.9.34607.119
MinimumVisualStudioVersion = 10.0.40219.1
Project("{FAE04EC0-301F-11D3-BF4B-00C04F79EFBC}") = "NoPhase4Skip", "NoPhase4Skip\NoPhase4Skip.csproj", "{3F82056C-D761-44D6-8C44-452D6202D81F}"
EndProject
Global
	GlobalSection(SolutionConfigurationPlatforms) = preSolution
		Debug|Any CPU = Debug|Any CPU
		Release|Any CPU = Release|Any CPU
	EndGlobalSection
	GlobalSection(ProjectConfigurationPlatforms) = postSolution
		{3F82056C-D761-44D6-8C44-452D6202D81F}.Debug|Any CPU.ActiveCfg = Debug|Any CPU
		{3F82056C-D761-44D6-8C44-452D6202D81F}.Debug|Any CPU.Build.0 = Debug|Any CPU
		{3F82056C-D761-44D6-8C44-452D6202D81F}.Release|Any CPU.ActiveCfg = Release|Any CPU
		{3F82056C-D761-44D6-8C44-452D6202D81F}.Release|Any CPU.Build.0 = Release|Any CPU
	EndGlobalSection
	GlobalSection(SolutionProperties) = preSolution
		HideSolutionNode = FALSE
	EndGlobalSection
	GlobalSection(ExtensibilityGlobals) = postSolution
		SolutionGuid = {EC9ACE4D-6F22-41BB-852B-D8353132D250}
	EndGlobalSection
EndGlobal
